{
  "requires": true,
  "lockfileVersion": 1,
  "dependencies": {
    "nativescript-fonticon": {
      "version": "2.0.0",
      "resolved": "https://registry.npmjs.org/nativescript-fonticon/-/nativescript-fonticon-2.0.0.tgz",
      "integrity": "sha512-uaOrMw2t1sgvcCaz9nyFY9OUMkZcYi5L9HiN2qXX1m1IGrdtCM+UdzRrUfbkaXvMKPB7wufOhNJ4U5RxUoKDVA=="
    }
  }
}
